
Microsoft Visual Studio Solution File, Format Version 12.00
# Visual Studio 14
VisualStudioVersion = 14.0.25420.1
MinimumVisualStudioVersion = 10.0.40219.1
Project("{FAE04EC0-301F-11D3-BF4B-00C04F79EFBC}") = "Phoneword", "Phoneword\Phoneword\Phoneword.csproj", "{E784E6F3-E375-48FC-8FC7-215405378A5D}"
EndProject
Project("{FAE04EC0-301F-11D3-BF4B-00C04F79EFBC}") = "Phoneword.Droid", "Phoneword\Phoneword.Droid\Phoneword.Droid.csproj", "{B45014B8-5E24-4B41-AAA4-841DF643A1E9}"
EndProject
Project("{FAE04EC0-301F-11D3-BF4B-00C04F79EFBC}") = "Phoneword.WinPhone", "Phoneword\Phoneword.WinPhone\Phoneword.WinPhone.csproj", "{6CB1B2C2-3E2D-413F-995A-BFE488E5B773}"
EndProject
Project("{FAE04EC0-301F-11D3-BF4B-00C04F79EFBC}") = "Phoneword.UWP", "Phoneword\Phoneword.UWP\Phoneword.UWP.csproj", "{65832936-C366-4183-AC9B-152FE649C373}"
EndProject
Global
	GlobalSection(SolutionConfigurationPlatforms) = preSolution
		Ad-Hoc|Any CPU = Ad-Hoc|Any CPU
		Ad-Hoc|ARM = Ad-Hoc|ARM
		Ad-Hoc|iPhone = Ad-Hoc|iPhone
		Ad-Hoc|iPhoneSimulator = Ad-Hoc|iPhoneSimulator
		Ad-Hoc|x64 = Ad-Hoc|x64
		Ad-Hoc|x86 = Ad-Hoc|x86
		AppStore|Any CPU = AppStore|Any CPU
		AppStore|ARM = AppStore|ARM
		AppStore|iPhone = AppStore|iPhone
		AppStore|iPhoneSimulator = AppStore|iPhoneSimulator
		AppStore|x64 = AppStore|x64
		AppStore|x86 = AppStore|x86
		Debug|Any CPU = Debug|Any CPU
		Debug|ARM = Debug|ARM
		Debug|iPhone = Debug|iPhone
		Debug|iPhoneSimulator = Debug|iPhoneSimulator
		Debug|x64 = Debug|x64
		Debug|x86 = Debug|x86
		Release|Any CPU = Release|Any CPU
		Release|ARM = Release|ARM
		Release|iPhone = Release|iPhone
		Release|iPhoneSimulator = Release|iPhoneSimulator
		Release|x64 = Release|x64
		Release|x86 = Release|x86
	EndGlobalSection
	GlobalSection(ProjectConfigurationPlatforms) = postSolution
		{E784E6F3-E375-48FC-8FC7-215405378A5D}.Ad-Hoc|Any CPU.ActiveCfg = Release|Any CPU
		{E784E6F3-E375-48FC-8FC7-215405378A5D}.Ad-Hoc|Any CPU.Build.0 = Release|Any CPU
		{E784E6F3-E375-48FC-8FC7-215405378A5D}.Ad-Hoc|ARM.ActiveCfg = Release|Any CPU
		{E784E6F3-E375-48FC-8FC7-215405378A5D}.Ad-Hoc|ARM.Build.0 = Release|Any CPU
		{E784E6F3-E375-48FC-8FC7-215405378A5D}.Ad-Hoc|iPhone.ActiveCfg = Release|Any CPU
		{E784E6F3-E375-48FC-8FC7-215405378A5D}.Ad-Hoc|iPhone.Build.0 = Release|Any CPU
		{E784E6F3-E375-48FC-8FC7-215405378A5D}.Ad-Hoc|iPhoneSimulator.ActiveCfg = Release|Any CPU
		{E784E6F3-E375-48FC-8FC7-215405378A5D}.Ad-Hoc|iPhoneSimulator.Build.0 = Release|Any CPU
		{E784E6F3-E375-48FC-8FC7-215405378A5D}.Ad-Hoc|x64.ActiveCfg = Release|Any CPU
		{E784E6F3-E375-48FC-8FC7-215405378A5D}.Ad-Hoc|x64.Build.0 = Release|Any CPU
		{E784E6F3-E375-48FC-8FC7-215405378A5D}.Ad-Hoc|x86.ActiveCfg = Release|Any CPU
		{E784E6F3-E375-48FC-8FC7-215405378A5D}.Ad-Hoc|x86.Build.0 = Release|Any CPU
		{E784E6F3-E375-48FC-8FC7-215405378A5D}.AppStore|Any CPU.ActiveCfg = Release|Any CPU
		{E784E6F3-E375-48FC-8FC7-215405378A5D}.AppStore|Any CPU.Build.0 = Release|Any CPU
		{E784E6F3-E375-48FC-8FC7-215405378A5D}.AppStore|ARM.ActiveCfg = Release|Any CPU
		{E784E6F3-E375-48FC-8FC7-215405378A5D}.AppStore|ARM.Build.0 = Release|Any CPU
		{E784E6F3-E375-48FC-8FC7-215405378A5D}.AppStore|iPhone.ActiveCfg = Release|Any CPU
		{E784E6F3-E375-48FC-8FC7-215405378A5D}.AppStore|iPhone.Build.0 = Release|Any CPU
		{E784E6F3-E375-48FC-8FC7-215405378A5D}.AppStore|iPhoneSimulator.ActiveCfg = Release|Any CPU
		{E784E6F3-E375-48FC-8FC7-215405378A5D}.AppStore|iPhoneSimulator.Build.0 = Release|Any CPU
		{E784E6F3-E375-48FC-8FC7-215405378A5D}.AppStore|x64.ActiveCfg = Release|Any CPU
		{E784E6F3-E375-48FC-8FC7-215405378A5D}.AppStore|x64.Build.0 = Release|Any CPU
		{E784E6F3-E375-48FC-8FC7-215405378A5D}.AppStore|x86.ActiveCfg = Release|Any CPU
		{E784E6F3-E375-48FC-8FC7-215405378A5D}.AppStore|x86.Build.0 = Release|Any CPU
		{E784E6F3-E375-48FC-8FC7-215405378A5D}.Debug|Any CPU.ActiveCfg = Debug|Any CPU
		{E784E6F3-E375-48FC-8FC7-215405378A5D}.Debug|Any CPU.Build.0 = Debug|Any CPU
		{E784E6F3-E375-48FC-8FC7-215405378A5D}.Debug|ARM.ActiveCfg = Debug|Any CPU
		{E784E6F3-E375-48FC-8FC7-215405378A5D}.Debug|ARM.Build.0 = Debug|Any CPU
		{E784E6F3-E375-48FC-8FC7-215405378A5D}.Debug|iPhone.ActiveCfg = Debug|Any CPU
		{E784E6F3-E375-48FC-8FC7-215405378A5D}.Debug|iPhone.Build.0 = Debug|Any CPU
		{E784E6F3-E375-48FC-8FC7-215405378A5D}.Debug|iPhoneSimulator.ActiveCfg = Debug|Any CPU
		{E784E6F3-E375-48FC-8FC7-215405378A5D}.Debug|iPhoneSimulator.Build.0 = Debug|Any CPU
		{E784E6F3-E375-48FC-8FC7-215405378A5D}.Debug|x64.ActiveCfg = Debug|Any CPU
		{E784E6F3-E375-48FC-8FC7-215405378A5D}.Debug|x64.Build.0 = Debug|Any CPU
		{E784E6F3-E375-48FC-8FC7-215405378A5D}.Debug|x86.ActiveCfg = Debug|Any CPU
		{E784E6F3-E375-48FC-8FC7-215405378A5D}.Debug|x86.Build.0 = Debug|Any CPU
		{E784E6F3-E375-48FC-8FC7-215405378A5D}.Release|Any CPU.ActiveCfg = Release|Any CPU
		{E784E6F3-E375-48FC-8FC7-215405378A5D}.Release|Any CPU.Build.0 = Release|Any CPU
		{E784E6F3-E375-48FC-8FC7-215405378A5D}.Release|ARM.ActiveCfg = Release|Any CPU
		{E784E6F3-E375-48FC-8FC7-215405378A5D}.Release|ARM.Build.0 = Release|Any CPU
		{E784E6F3-E375-48FC-8FC7-215405378A5D}.Release|iPhone.ActiveCfg = Release|Any CPU
		{E784E6F3-E375-48FC-8FC7-215405378A5D}.Release|iPhone.Build.0 = Release|Any CPU
		{E784E6F3-E375-48FC-8FC7-215405378A5D}.Release|iPhoneSimulator.ActiveCfg = Release|Any CPU
		{E784E6F3-E375-48FC-8FC7-215405378A5D}.Release|iPhoneSimulator.Build.0 = Release|Any CPU
		{E784E6F3-E375-48FC-8FC7-215405378A5D}.Release|x64.ActiveCfg = Release|Any CPU
		{E784E6F3-E375-48FC-8FC7-215405378A5D}.Release|x64.Build.0 = Release|Any CPU
		{E784E6F3-E375-48FC-8FC7-215405378A5D}.Release|x86.ActiveCfg = Release|Any CPU
		{E784E6F3-E375-48FC-8FC7-215405378A5D}.Release|x86.Build.0 = Release|Any CPU
		{B45014B8-5E24-4B41-AAA4-841DF643A1E9}.Ad-Hoc|Any CPU.ActiveCfg = Release|Any CPU
		{B45014B8-5E24-4B41-AAA4-841DF643A1E9}.Ad-Hoc|Any CPU.Build.0 = Release|Any CPU
		{B45014B8-5E24-4B41-AAA4-841DF643A1E9}.Ad-Hoc|Any CPU.Deploy.0 = Release|Any CPU
		{B45014B8-5E24-4B41-AAA4-841DF643A1E9}.Ad-Hoc|ARM.ActiveCfg = Release|Any CPU
		{B45014B8-5E24-4B41-AAA4-841DF643A1E9}.Ad-Hoc|ARM.Build.0 = Release|Any CPU
		{B45014B8-5E24-4B41-AAA4-841DF643A1E9}.Ad-Hoc|ARM.Deploy.0 = Release|Any CPU
		{B45014B8-5E24-4B41-AAA4-841DF643A1E9}.Ad-Hoc|iPhone.ActiveCfg = Release|Any CPU
		{B45014B8-5E24-4B41-AAA4-841DF643A1E9}.Ad-Hoc|iPhone.Build.0 = Release|Any CPU
		{B45014B8-5E24-4B41-AAA4-841DF643A1E9}.Ad-Hoc|iPhone.Deploy.0 = Release|Any CPU
		{B45014B8-5E24-4B41-AAA4-841DF643A1E9}.Ad-Hoc|iPhoneSimulator.ActiveCfg = Release|Any CPU
		{B45014B8-5E24-4B41-AAA4-841DF643A1E9}.Ad-Hoc|iPhoneSimulator.Build.0 = Release|Any CPU
		{B45014B8-5E24-4B41-AAA4-841DF643A1E9}.Ad-Hoc|iPhoneSimulator.Deploy.0 = Release|Any CPU
		{B45014B8-5E24-4B41-AAA4-841DF643A1E9}.Ad-Hoc|x64.ActiveCfg = Release|Any CPU
		{B45014B8-5E24-4B41-AAA4-841DF643A1E9}.Ad-Hoc|x64.Build.0 = Release|Any CPU
		{B45014B8-5E24-4B41-AAA4-841DF643A1E9}.Ad-Hoc|x64.Deploy.0 = Release|Any CPU
		{B45014B8-5E24-4B41-AAA4-841DF643A1E9}.Ad-Hoc|x86.ActiveCfg = Release|Any CPU
		{B45014B8-5E24-4B41-AAA4-841DF643A1E9}.Ad-Hoc|x86.Build.0 = Release|Any CPU
		{B45014B8-5E24-4B41-AAA4-841DF643A1E9}.Ad-Hoc|x86.Deploy.0 = Release|Any CPU
		{B45014B8-5E24-4B41-AAA4-841DF643A1E9}.AppStore|Any CPU.ActiveCfg = Release|Any CPU
		{B45014B8-5E24-4B41-AAA4-841DF643A1E9}.AppStore|Any CPU.Build.0 = Release|Any CPU
		{B45014B8-5E24-4B41-AAA4-841DF643A1E9}.AppStore|Any CPU.Deploy.0 = Release|Any CPU
		{B45014B8-5E24-4B41-AAA4-841DF643A1E9}.AppStore|ARM.ActiveCfg = Release|Any CPU
		{B45014B8-5E24-4B41-AAA4-841DF643A1E9}.AppStore|ARM.Build.0 = Release|Any CPU
		{B45014B8-5E24-4B41-AAA4-841DF643A1E9}.AppStore|ARM.Deploy.0 = Release|Any CPU
		{B45014B8-5E24-4B41-AAA4-841DF643A1E9}.AppStore|iPhone.ActiveCfg = Release|Any CPU
		{B45014B8-5E24-4B41-AAA4-841DF643A1E9}.AppStore|iPhone.Build.0 = Release|Any CPU
		{B45014B8-5E24-4B41-AAA4-841DF643A1E9}.AppStore|iPhone.Deploy.0 = Release|Any CPU
		{B45014B8-5E24-4B41-AAA4-841DF643A1E9}.AppStore|iPhoneSimulator.ActiveCfg = Release|Any CPU
		{B45014B8-5E24-4B41-AAA4-841DF643A1E9}.AppStore|iPhoneSimulator.Build.0 = Release|Any CPU
		{B45014B8-5E24-4B41-AAA4-841DF643A1E9}.AppStore|iPhoneSimulator.Deploy.0 = Release|Any CPU
		{B45014B8-5E24-4B41-AAA4-841DF643A1E9}.AppStore|x64.ActiveCfg = Release|Any CPU
		{B45014B8-5E24-4B41-AAA4-841DF643A1E9}.AppStore|x64.Build.0 = Release|Any CPU
		{B45014B8-5E24-4B41-AAA4-841DF643A1E9}.AppStore|x64.Deploy.0 = Release|Any CPU
		{B45014B8-5E24-4B41-AAA4-841DF643A1E9}.AppStore|x86.ActiveCfg = Release|Any CPU
		{B45014B8-5E24-4B41-AAA4-841DF643A1E9}.AppStore|x86.Build.0 = Release|Any CPU
		{B45014B8-5E24-4B41-AAA4-841DF643A1E9}.AppStore|x86.Deploy.0 = Release|Any CPU
		{B45014B8-5E24-4B41-AAA4-841DF643A1E9}.Debug|Any CPU.ActiveCfg = Debug|Any CPU
		{B45014B8-5E24-4B41-AAA4-841DF643A1E9}.Debug|Any CPU.Build.0 = Debug|Any CPU
		{B45014B8-5E24-4B41-AAA4-841DF643A1E9}.Debug|Any CPU.Deploy.0 = Debug|Any CPU
		{B45014B8-5E24-4B41-AAA4-841DF643A1E9}.Debug|ARM.ActiveCfg = Debug|Any CPU
		{B45014B8-5E24-4B41-AAA4-841DF643A1E9}.Debug|ARM.Build.0 = Debug|Any CPU
		{B45014B8-5E24-4B41-AAA4-841DF643A1E9}.Debug|ARM.Deploy.0 = Debug|Any CPU
		{B45014B8-5E24-4B41-AAA4-841DF643A1E9}.Debug|iPhone.ActiveCfg = Debug|Any CPU
		{B45014B8-5E24-4B41-AAA4-841DF643A1E9}.Debug|iPhone.Build.0 = Debug|Any CPU
		{B45014B8-5E24-4B41-AAA4-841DF643A1E9}.Debug|iPhone.Deploy.0 = Debug|Any CPU
		{B45014B8-5E24-4B41-AAA4-841DF643A1E9}.Debug|iPhoneSimulator.ActiveCfg = Debug|Any CPU
		{B45014B8-5E24-4B41-AAA4-841DF643A1E9}.Debug|iPhoneSimulator.Build.0 = Debug|Any CPU
		{B45014B8-5E24-4B41-AAA4-841DF643A1E9}.Debug|iPhoneSimulator.Deploy.0 = Debug|Any CPU
		{B45014B8-5E24-4B41-AAA4-841DF643A1E9}.Debug|x64.ActiveCfg = Debug|Any CPU
		{B45014B8-5E24-4B41-AAA4-841DF643A1E9}.Debug|x64.Build.0 = Debug|Any CPU
		{B45014B8-5E24-4B41-AAA4-841DF643A1E9}.Debug|x64.Deploy.0 = Debug|Any CPU
		{B45014B8-5E24-4B41-AAA4-841DF643A1E9}.Debug|x86.ActiveCfg = Debug|Any CPU
		{B45014B8-5E24-4B41-AAA4-841DF643A1E9}.Debug|x86.Build.0 = Debug|Any CPU
		{B45014B8-5E24-4B41-AAA4-841DF643A1E9}.Debug|x86.Deploy.0 = Debug|Any CPU
		{B45014B8-5E24-4B41-AAA4-841DF643A1E9}.Release|Any CPU.ActiveCfg = Release|Any CPU
		{B45014B8-5E24-4B41-AAA4-841DF643A1E9}.Release|Any CPU.Build.0 = Release|Any CPU
		{B45014B8-5E24-4B41-AAA4-841DF643A1E9}.Release|Any CPU.Deploy.0 = Release|Any CPU
		{B45014B8-5E24-4B41-AAA4-841DF643A1E9}.Release|ARM.ActiveCfg = Release|Any CPU
		{B45014B8-5E24-4B41-AAA4-841DF643A1E9}.Release|ARM.Build.0 = Release|Any CPU
		{B45014B8-5E24-4B41-AAA4-841DF643A1E9}.Release|ARM.Deploy.0 = Release|Any CPU
		{B45014B8-5E24-4B41-AAA4-841DF643A1E9}.Release|iPhone.ActiveCfg = Release|Any CPU
		{B45014B8-5E24-4B41-AAA4-841DF643A1E9}.Release|iPhone.Build.0 = Release|Any CPU
		{B45014B8-5E24-4B41-AAA4-841DF643A1E9}.Release|iPhone.Deploy.0 = Release|Any CPU
		{B45014B8-5E24-4B41-AAA4-841DF643A1E9}.Release|iPhoneSimulator.ActiveCfg = Release|Any CPU
		{B45014B8-5E24-4B41-AAA4-841DF643A1E9}.Release|iPhoneSimulator.Build.0 = Release|Any CPU
		{B45014B8-5E24-4B41-AAA4-841DF643A1E9}.Release|iPhoneSimulator.Deploy.0 = Release|Any CPU
		{B45014B8-5E24-4B41-AAA4-841DF643A1E9}.Release|x64.ActiveCfg = Release|Any CPU
		{B45014B8-5E24-4B41-AAA4-841DF643A1E9}.Release|x64.Build.0 = Release|Any CPU
		{B45014B8-5E24-4B41-AAA4-841DF643A1E9}.Release|x64.Deploy.0 = Release|Any CPU
		{B45014B8-5E24-4B41-AAA4-841DF643A1E9}.Release|x86.ActiveCfg = Release|Any CPU
		{B45014B8-5E24-4B41-AAA4-841DF643A1E9}.Release|x86.Build.0 = Release|Any CPU
		{B45014B8-5E24-4B41-AAA4-841DF643A1E9}.Release|x86.Deploy.0 = Release|Any CPU
		{6CB1B2C2-3E2D-413F-995A-BFE488E5B773}.Ad-Hoc|Any CPU.ActiveCfg = Release|Any CPU
		{6CB1B2C2-3E2D-413F-995A-BFE488E5B773}.Ad-Hoc|Any CPU.Build.0 = Release|Any CPU
		{6CB1B2C2-3E2D-413F-995A-BFE488E5B773}.Ad-Hoc|Any CPU.Deploy.0 = Release|Any CPU
		{6CB1B2C2-3E2D-413F-995A-BFE488E5B773}.Ad-Hoc|ARM.ActiveCfg = Release|ARM
		{6CB1B2C2-3E2D-413F-995A-BFE488E5B773}.Ad-Hoc|ARM.Build.0 = Release|ARM
		{6CB1B2C2-3E2D-413F-995A-BFE488E5B773}.Ad-Hoc|ARM.Deploy.0 = Release|ARM
		{6CB1B2C2-3E2D-413F-995A-BFE488E5B773}.Ad-Hoc|iPhone.ActiveCfg = Release|Any CPU
		{6CB1B2C2-3E2D-413F-995A-BFE488E5B773}.Ad-Hoc|iPhone.Build.0 = Release|Any CPU
		{6CB1B2C2-3E2D-413F-995A-BFE488E5B773}.Ad-Hoc|iPhone.Deploy.0 = Release|Any CPU
		{6CB1B2C2-3E2D-413F-995A-BFE488E5B773}.Ad-Hoc|iPhoneSimulator.ActiveCfg = Release|Any CPU
		{6CB1B2C2-3E2D-413F-995A-BFE488E5B773}.Ad-Hoc|iPhoneSimulator.Build.0 = Release|Any CPU
		{6CB1B2C2-3E2D-413F-995A-BFE488E5B773}.Ad-Hoc|iPhoneSimulator.Deploy.0 = Release|Any CPU
		{6CB1B2C2-3E2D-413F-995A-BFE488E5B773}.Ad-Hoc|x64.ActiveCfg = Release|Any CPU
		{6CB1B2C2-3E2D-413F-995A-BFE488E5B773}.Ad-Hoc|x64.Build.0 = Release|Any CPU
		{6CB1B2C2-3E2D-413F-995A-BFE488E5B773}.Ad-Hoc|x64.Deploy.0 = Release|Any CPU
		{6CB1B2C2-3E2D-413F-995A-BFE488E5B773}.Ad-Hoc|x86.ActiveCfg = Release|x86
		{6CB1B2C2-3E2D-413F-995A-BFE488E5B773}.Ad-Hoc|x86.Build.0 = Release|x86
		{6CB1B2C2-3E2D-413F-995A-BFE488E5B773}.Ad-Hoc|x86.Deploy.0 = Release|x86
		{6CB1B2C2-3E2D-413F-995A-BFE488E5B773}.AppStore|Any CPU.ActiveCfg = Release|Any CPU
		{6CB1B2C2-3E2D-413F-995A-BFE488E5B773}.AppStore|Any CPU.Build.0 = Release|Any CPU
		{6CB1B2C2-3E2D-413F-995A-BFE488E5B773}.AppStore|Any CPU.Deploy.0 = Release|Any CPU
		{6CB1B2C2-3E2D-413F-995A-BFE488E5B773}.AppStore|ARM.ActiveCfg = Release|ARM
		{6CB1B2C2-3E2D-413F-995A-BFE488E5B773}.AppStore|ARM.Build.0 = Release|ARM
		{6CB1B2C2-3E2D-413F-995A-BFE488E5B773}.AppStore|ARM.Deploy.0 = Release|ARM
		{6CB1B2C2-3E2D-413F-995A-BFE488E5B773}.AppStore|iPhone.ActiveCfg = Release|Any CPU
		{6CB1B2C2-3E2D-413F-995A-BFE488E5B773}.AppStore|iPhone.Build.0 = Release|Any CPU
		{6CB1B2C2-3E2D-413F-995A-BFE488E5B773}.AppStore|iPhone.Deploy.0 = Release|Any CPU
		{6CB1B2C2-3E2D-413F-995A-BFE488E5B773}.AppStore|iPhoneSimulator.ActiveCfg = Release|Any CPU
		{6CB1B2C2-3E2D-413F-995A-BFE488E5B773}.AppStore|iPhoneSimulator.Build.0 = Release|Any CPU
		{6CB1B2C2-3E2D-413F-995A-BFE488E5B773}.AppStore|iPhoneSimulator.Deploy.0 = Release|Any CPU
		{6CB1B2C2-3E2D-413F-995A-BFE488E5B773}.AppStore|x64.ActiveCfg = Release|Any CPU
		{6CB1B2C2-3E2D-413F-995A-BFE488E5B773}.AppStore|x64.Build.0 = Release|Any CPU
		{6CB1B2C2-3E2D-413F-995A-BFE488E5B773}.AppStore|x64.Deploy.0 = Release|Any CPU
		{6CB1B2C2-3E2D-413F-995A-BFE488E5B773}.AppStore|x86.ActiveCfg = Release|x86
		{6CB1B2C2-3E2D-413F-995A-BFE488E5B773}.AppStore|x86.Build.0 = Release|x86
		{6CB1B2C2-3E2D-413F-995A-BFE488E5B773}.AppStore|x86.Deploy.0 = Release|x86
		{6CB1B2C2-3E2D-413F-995A-BFE488E5B773}.Debug|Any CPU.ActiveCfg = Debug|Any CPU
		{6CB1B2C2-3E2D-413F-995A-BFE488E5B773}.Debug|Any CPU.Build.0 = Debug|Any CPU
		{6CB1B2C2-3E2D-413F-995A-BFE488E5B773}.Debug|Any CPU.Deploy.0 = Debug|Any CPU
		{6CB1B2C2-3E2D-413F-995A-BFE488E5B773}.Debug|ARM.ActiveCfg = Debug|ARM
		{6CB1B2C2-3E2D-413F-995A-BFE488E5B773}.Debug|ARM.Build.0 = Debug|ARM
		{6CB1B2C2-3E2D-413F-995A-BFE488E5B773}.Debug|ARM.Deploy.0 = Debug|ARM
		{6CB1B2C2-3E2D-413F-995A-BFE488E5B773}.Debug|iPhone.ActiveCfg = Debug|Any CPU
		{6CB1B2C2-3E2D-413F-995A-BFE488E5B773}.Debug|iPhone.Build.0 = Debug|Any CPU
		{6CB1B2C2-3E2D-413F-995A-BFE488E5B773}.Debug|iPhone.Deploy.0 = Debug|Any CPU
		{6CB1B2C2-3E2D-413F-995A-BFE488E5B773}.Debug|iPhoneSimulator.ActiveCfg = Debug|Any CPU
		{6CB1B2C2-3E2D-413F-995A-BFE488E5B773}.Debug|iPhoneSimulator.Build.0 = Debug|Any CPU
		{6CB1B2C2-3E2D-413F-995A-BFE488E5B773}.Debug|iPhoneSimulator.Deploy.0 = Debug|Any CPU
		{6CB1B2C2-3E2D-413F-995A-BFE488E5B773}.Debug|x64.ActiveCfg = Debug|Any CPU
		{6CB1B2C2-3E2D-413F-995A-BFE488E5B773}.Debug|x64.Build.0 = Debug|Any CPU
		{6CB1B2C2-3E2D-413F-995A-BFE488E5B773}.Debug|x64.Deploy.0 = Debug|Any CPU
		{6CB1B2C2-3E2D-413F-995A-BFE488E5B773}.Debug|x86.ActiveCfg = Debug|x86
		{6CB1B2C2-3E2D-413F-995A-BFE488E5B773}.Debug|x86.Build.0 = Debug|x86
		{6CB1B2C2-3E2D-413F-995A-BFE488E5B773}.Debug|x86.Deploy.0 = Debug|x86
		{6CB1B2C2-3E2D-413F-995A-BFE488E5B773}.Release|Any CPU.ActiveCfg = Release|Any CPU
		{6CB1B2C2-3E2D-413F-995A-BFE488E5B773}.Release|Any CPU.Build.0 = Release|Any CPU
		{6CB1B2C2-3E2D-413F-995A-BFE488E5B773}.Release|Any CPU.Deploy.0 = Release|Any CPU
		{6CB1B2C2-3E2D-413F-995A-BFE488E5B773}.Release|ARM.ActiveCfg = Release|ARM
		{6CB1B2C2-3E2D-413F-995A-BFE488E5B773}.Release|ARM.Build.0 = Release|ARM
		{6CB1B2C2-3E2D-413F-995A-BFE488E5B773}.Release|ARM.Deploy.0 = Release|ARM
		{6CB1B2C2-3E2D-413F-995A-BFE488E5B773}.Release|iPhone.ActiveCfg = Release|Any CPU
		{6CB1B2C2-3E2D-413F-995A-BFE488E5B773}.Release|iPhone.Build.0 = Release|Any CPU
		{6CB1B2C2-3E2D-413F-995A-BFE488E5B773}.Release|iPhone.Deploy.0 = Release|Any CPU
		{6CB1B2C2-3E2D-413F-995A-BFE488E5B773}.Release|iPhoneSimulator.ActiveCfg = Release|Any CPU
		{6CB1B2C2-3E2D-413F-995A-BFE488E5B773}.Release|iPhoneSimulator.Build.0 = Release|Any CPU
		{6CB1B2C2-3E2D-413F-995A-BFE488E5B773}.Release|iPhoneSimulator.Deploy.0 = Release|Any CPU
		{6CB1B2C2-3E2D-413F-995A-BFE488E5B773}.Release|x64.ActiveCfg = Release|Any CPU
		{6CB1B2C2-3E2D-413F-995A-BFE488E5B773}.Release|x64.Build.0 = Release|Any CPU
		{6CB1B2C2-3E2D-413F-995A-BFE488E5B773}.Release|x64.Deploy.0 = Release|Any CPU
		{6CB1B2C2-3E2D-413F-995A-BFE488E5B773}.Release|x86.ActiveCfg = Release|x86
		{6CB1B2C2-3E2D-413F-995A-BFE488E5B773}.Release|x86.Build.0 = Release|x86
		{6CB1B2C2-3E2D-413F-995A-BFE488E5B773}.Release|x86.Deploy.0 = Release|x86
		{65832936-C366-4183-AC9B-152FE649C373}.Ad-Hoc|Any CPU.ActiveCfg = Release|x86
		{65832936-C366-4183-AC9B-152FE649C373}.Ad-Hoc|Any CPU.Build.0 = Release|x86
		{65832936-C366-4183-AC9B-152FE649C373}.Ad-Hoc|Any CPU.Deploy.0 = Release|x86
		{65832936-C366-4183-AC9B-152FE649C373}.Ad-Hoc|ARM.ActiveCfg = Release|ARM
		{65832936-C366-4183-AC9B-152FE649C373}.Ad-Hoc|ARM.Build.0 = Release|ARM
		{65832936-C366-4183-AC9B-152FE649C373}.Ad-Hoc|ARM.Deploy.0 = Release|ARM
		{65832936-C366-4183-AC9B-152FE649C373}.Ad-Hoc|iPhone.ActiveCfg = Release|x86
		{65832936-C366-4183-AC9B-152FE649C373}.Ad-Hoc|iPhone.Build.0 = Release|x86
		{65832936-C366-4183-AC9B-152FE649C373}.Ad-Hoc|iPhone.Deploy.0 = Release|x86
		{65832936-C366-4183-AC9B-152FE649C373}.Ad-Hoc|iPhoneSimulator.ActiveCfg = Release|x86
		{65832936-C366-4183-AC9B-152FE649C373}.Ad-Hoc|iPhoneSimulator.Build.0 = Release|x86
		{65832936-C366-4183-AC9B-152FE649C373}.Ad-Hoc|iPhoneSimulator.Deploy.0 = Release|x86
		{65832936-C366-4183-AC9B-152FE649C373}.Ad-Hoc|x64.ActiveCfg = Release|x64
		{65832936-C366-4183-AC9B-152FE649C373}.Ad-Hoc|x64.Build.0 = Release|x64
		{65832936-C366-4183-AC9B-152FE649C373}.Ad-Hoc|x64.Deploy.0 = Release|x64
		{65832936-C366-4183-AC9B-152FE649C373}.Ad-Hoc|x86.ActiveCfg = Release|x86
		{65832936-C366-4183-AC9B-152FE649C373}.Ad-Hoc|x86.Build.0 = Release|x86
		{65832936-C366-4183-AC9B-152FE649C373}.Ad-Hoc|x86.Deploy.0 = Release|x86
		{65832936-C366-4183-AC9B-152FE649C373}.AppStore|Any CPU.ActiveCfg = Release|x86
		{65832936-C366-4183-AC9B-152FE649C373}.AppStore|Any CPU.Build.0 = Release|x86
		{65832936-C366-4183-AC9B-152FE649C373}.AppStore|Any CPU.Deploy.0 = Release|x86
		{65832936-C366-4183-AC9B-152FE649C373}.AppStore|ARM.ActiveCfg = Release|ARM
		{65832936-C366-4183-AC9B-152FE649C373}.AppStore|ARM.Build.0 = Release|ARM
		{65832936-C366-4183-AC9B-152FE649C373}.AppStore|ARM.Deploy.0 = Release|ARM
		{65832936-C366-4183-AC9B-152FE649C373}.AppStore|iPhone.ActiveCfg = Release|x86
		{65832936-C366-4183-AC9B-152FE649C373}.AppStore|iPhone.Build.0 = Release|x86
		{65832936-C366-4183-AC9B-152FE649C373}.AppStore|iPhone.Deploy.0 = Release|x86
		{65832936-C366-4183-AC9B-152FE649C373}.AppStore|iPhoneSimulator.ActiveCfg = Release|x86
		{65832936-C366-4183-AC9B-152FE649C373}.AppStore|iPhoneSimulator.Build.0 = Release|x86
		{65832936-C366-4183-AC9B-152FE649C373}.AppStore|iPhoneSimulator.Deploy.0 = Release|x86
		{65832936-C366-4183-AC9B-152FE649C373}.AppStore|x64.ActiveCfg = Release|x64
		{65832936-C366-4183-AC9B-152FE649C373}.AppStore|x64.Build.0 = Release|x64
		{65832936-C366-4183-AC9B-152FE649C373}.AppStore|x64.Deploy.0 = Release|x64
		{65832936-C366-4183-AC9B-152FE649C373}.AppStore|x86.ActiveCfg = Release|x86
		{65832936-C366-4183-AC9B-152FE649C373}.AppStore|x86.Build.0 = Release|x86
		{65832936-C366-4183-AC9B-152FE649C373}.AppStore|x86.Deploy.0 = Release|x86
		{65832936-C366-4183-AC9B-152FE649C373}.Debug|Any CPU.ActiveCfg = Debug|x86
		{65832936-C366-4183-AC9B-152FE649C373}.Debug|Any CPU.Build.0 = Debug|x86
		{65832936-C366-4183-AC9B-152FE649C373}.Debug|Any CPU.Deploy.0 = Debug|x86
		{65832936-C366-4183-AC9B-152FE649C373}.Debug|ARM.ActiveCfg = Debug|ARM
		{65832936-C366-4183-AC9B-152FE649C373}.Debug|ARM.Build.0 = Debug|ARM
		{65832936-C366-4183-AC9B-152FE649C373}.Debug|ARM.Deploy.0 = Debug|ARM
		{65832936-C366-4183-AC9B-152FE649C373}.Debug|iPhone.ActiveCfg = Debug|x86
		{65832936-C366-4183-AC9B-152FE649C373}.Debug|iPhone.Build.0 = Debug|x86
		{65832936-C366-4183-AC9B-152FE649C373}.Debug|iPhone.Deploy.0 = Debug|x86
		{65832936-C366-4183-AC9B-152FE649C373}.Debug|iPhoneSimulator.ActiveCfg = Debug|x86
		{65832936-C366-4183-AC9B-152FE649C373}.Debug|x64.ActiveCfg = Debug|x64
		{65832936-C366-4183-AC9B-152FE649C373}.Debug|x64.Build.0 = Debug|x64
		{65832936-C366-4183-AC9B-152FE649C373}.Debug|x64.Deploy.0 = Debug|x64
		{65832936-C366-4183-AC9B-152FE649C373}.Debug|x86.ActiveCfg = Debug|x86
		{65832936-C366-4183-AC9B-152FE649C373}.Debug|x86.Build.0 = Debug|x86
		{65832936-C366-4183-AC9B-152FE649C373}.Debug|x86.Deploy.0 = Debug|x86
		{65832936-C366-4183-AC9B-152FE649C373}.Release|Any CPU.ActiveCfg = Release|x86
		{65832936-C366-4183-AC9B-152FE649C373}.Release|ARM.ActiveCfg = Release|ARM
		{65832936-C366-4183-AC9B-152FE649C373}.Release|ARM.Build.0 = Release|ARM
		{65832936-C366-4183-AC9B-152FE649C373}.Release|ARM.Deploy.0 = Release|ARM
		{65832936-C366-4183-AC9B-152FE649C373}.Release|iPhone.ActiveCfg = Release|x86
		{65832936-C366-4183-AC9B-152FE649C373}.Release|iPhoneSimulator.ActiveCfg = Release|x86
		{65832936-C366-4183-AC9B-152FE649C373}.Release|x64.ActiveCfg = Release|x64
		{65832936-C366-4183-AC9B-152FE649C373}.Release|x64.Build.0 = Release|x64
		{65832936-C366-4183-AC9B-152FE649C373}.Release|x64.Deploy.0 = Release|x64
		{65832936-C366-4183-AC9B-152FE649C373}.Release|x86.ActiveCfg = Release|x86
		{65832936-C366-4183-AC9B-152FE649C373}.Release|x86.Build.0 = Release|x86
		{65832936-C366-4183-AC9B-152FE649C373}.Release|x86.Deploy.0 = Release|x86
	EndGlobalSection
	GlobalSection(SolutionProperties) = preSolution
		HideSolutionNode = FALSE
	EndGlobalSection
EndGlobal
